// !$*UTF8*$!
{
	archiveVersion = 1;
	classes = {
	};
	objectVersion = 46;
	objects = {

/* Begin PBXFileReference section */
		08FDB48E1C90DD040028487F /* LedOut.v */ = {isa = PBXFileReference; lastKnownFileType = text; path = LedOut.v; sourceTree = "<group>"; };
/* End PBXFileReference section */

/* Begin PBXGroup section */
		08FDB4871C90DCB80028487F = {
			isa = PBXGroup;
			children = (
				08FDB48E1C90DD040028487F /* LedOut.v */,
			);
			sourceTree = "<group>";
		};
/* End PBXGroup section */

/* Begin PBXProject section */
		08FDB4881C90DCB80028487F /* Project object */ = {
			isa = PBXProject;
			attributes = {
				LastUpgradeCheck = 0720;
			};
			buildConfigurationList = 08FDB48B1C90DCB80028487F /* Build configuration list for PBXProject "Piscar luzes de maneira visíve" */;
			compatibilityVersion = "Xcode 3.2";
			developmentRegion = English;
			hasScannedForEncodings = 0;
			knownRegions = (
				en,
			);
			mainGroup = 08FDB4871C90DCB80028487F;
			projectDirPath = "";
			projectRoot = "";
			targets = (
			);
		};
/* End PBXProject section */

/* Begin XCBuildConfiguration section */
		08FDB48C1C90DCB80028487F /* Debug */ = {
			isa = XCBuildConfiguration;
			buildSettings = {
			};
			name = Debug;
		};
		08FDB48D1C90DCB80028487F /* Release */ = {
			isa = XCBuildConfiguration;
			buildSettings = {
			};
			name = Release;
		};
/* End XCBuildConfiguration section */

/* Begin XCConfigurationList section */
		08FDB48B1C90DCB80028487F /* Build configuration list for PBXProject "Piscar luzes de maneira visíve" */ = {
			isa = XCConfigurationList;
			buildConfigurations = (
				08FDB48C1C90DCB80028487F /* Debug */,
				08FDB48D1C90DCB80028487F /* Release */,
			);
			defaultConfigurationIsVisible = 0;
			defaultConfigurationName = Release;
		};
/* End XCConfigurationList section */
	};
	rootObject = 08FDB4881C90DCB80028487F /* Project object */;
}
